
Microsoft Visual Studio Solution File, Format Version 12.00
# Visual Studio 14
VisualStudioVersion = 14.0.25420.1
MinimumVisualStudioVersion = 10.0.40219.1
Project("{FAE04EC0-301F-11D3-BF4B-00C04F79EFBC}") = "WinformSkin", "WinformSkin\WinformSkin.csproj", "{4549EE27-3A62-4961-836C-0D0A3C4D96C4}"
EndProject
Project("{FAE04EC0-301F-11D3-BF4B-00C04F79EFBC}") = "IrisSkin4", "IrisSkin4\IrisSkin4.csproj", "{4EFFFB8D-D127-4E86-A800-9ECEE0CA9E78}"
EndProject
Project("{FAE04EC0-301F-11D3-BF4B-00C04F79EFBC}") = "TransparentForm", "TransparentForm\TransparentForm.csproj", "{DFBC73FC-04B2-469A-B003-0F264187619B}"
EndProject
Project("{FAE04EC0-301F-11D3-BF4B-00C04F79EFBC}") = "Win7AeroForm", "Win7AeroForm\Win7AeroForm.csproj", "{C4B4EA1C-C0CB-444C-A3F9-176CCEC03F61}"
EndProject
Project("{FAE04EC0-301F-11D3-BF4B-00C04F79EFBC}") = "GoldFishProject", "GoldFishProject\GoldFishProject.csproj", "{064EAFA0-C82D-42BF-9E83-8FACB5510745}"
EndProject
Project("{FAE04EC0-301F-11D3-BF4B-00C04F79EFBC}") = "LayeredSkinDemo", "LayeredSkinDemo\LayeredSkinDemo.csproj", "{7B6EB342-3764-45E3-A0E9-5CD553525A17}"
EndProject
Project("{FAE04EC0-301F-11D3-BF4B-00C04F79EFBC}") = "MousePenetration", "MousePenetration\MousePenetration.csproj", "{F1632955-D0AE-4D09-928B-6C36C68D523F}"
EndProject
Project("{FAE04EC0-301F-11D3-BF4B-00C04F79EFBC}") = "HollowForm", "HollowForm\HollowForm.csproj", "{AD1D1737-0AC8-424A-8DCD-960B7393DC72}"
EndProject
Project("{FAE04EC0-301F-11D3-BF4B-00C04F79EFBC}") = "DoubleForm", "DoubleForm\DoubleForm.csproj", "{EF4CDA45-C823-4E36-898D-A7339DD7D82D}"
EndProject
Global
	GlobalSection(SolutionConfigurationPlatforms) = preSolution
		Debug|Any CPU = Debug|Any CPU
		Release|Any CPU = Release|Any CPU
	EndGlobalSection
	GlobalSection(ProjectConfigurationPlatforms) = postSolution
		{4549EE27-3A62-4961-836C-0D0A3C4D96C4}.Debug|Any CPU.ActiveCfg = Debug|Any CPU
		{4549EE27-3A62-4961-836C-0D0A3C4D96C4}.Debug|Any CPU.Build.0 = Debug|Any CPU
		{4549EE27-3A62-4961-836C-0D0A3C4D96C4}.Release|Any CPU.ActiveCfg = Release|Any CPU
		{4549EE27-3A62-4961-836C-0D0A3C4D96C4}.Release|Any CPU.Build.0 = Release|Any CPU
		{4EFFFB8D-D127-4E86-A800-9ECEE0CA9E78}.Debug|Any CPU.ActiveCfg = Debug|Any CPU
		{4EFFFB8D-D127-4E86-A800-9ECEE0CA9E78}.Debug|Any CPU.Build.0 = Debug|Any CPU
		{4EFFFB8D-D127-4E86-A800-9ECEE0CA9E78}.Release|Any CPU.ActiveCfg = Release|Any CPU
		{4EFFFB8D-D127-4E86-A800-9ECEE0CA9E78}.Release|Any CPU.Build.0 = Release|Any CPU
		{DFBC73FC-04B2-469A-B003-0F264187619B}.Debug|Any CPU.ActiveCfg = Debug|Any CPU
		{DFBC73FC-04B2-469A-B003-0F264187619B}.Debug|Any CPU.Build.0 = Debug|Any CPU
		{DFBC73FC-04B2-469A-B003-0F264187619B}.Release|Any CPU.ActiveCfg = Release|Any CPU
		{DFBC73FC-04B2-469A-B003-0F264187619B}.Release|Any CPU.Build.0 = Release|Any CPU
		{C4B4EA1C-C0CB-444C-A3F9-176CCEC03F61}.Debug|Any CPU.ActiveCfg = Debug|Any CPU
		{C4B4EA1C-C0CB-444C-A3F9-176CCEC03F61}.Debug|Any CPU.Build.0 = Debug|Any CPU
		{C4B4EA1C-C0CB-444C-A3F9-176CCEC03F61}.Release|Any CPU.ActiveCfg = Release|Any CPU
		{C4B4EA1C-C0CB-444C-A3F9-176CCEC03F61}.Release|Any CPU.Build.0 = Release|Any CPU
		{064EAFA0-C82D-42BF-9E83-8FACB5510745}.Debug|Any CPU.ActiveCfg = Debug|Any CPU
		{064EAFA0-C82D-42BF-9E83-8FACB5510745}.Debug|Any CPU.Build.0 = Debug|Any CPU
		{064EAFA0-C82D-42BF-9E83-8FACB5510745}.Release|Any CPU.ActiveCfg = Release|Any CPU
		{064EAFA0-C82D-42BF-9E83-8FACB5510745}.Release|Any CPU.Build.0 = Release|Any CPU
		{7B6EB342-3764-45E3-A0E9-5CD553525A17}.Debug|Any CPU.ActiveCfg = Debug|Any CPU
		{7B6EB342-3764-45E3-A0E9-5CD553525A17}.Debug|Any CPU.Build.0 = Debug|Any CPU
		{7B6EB342-3764-45E3-A0E9-5CD553525A17}.Release|Any CPU.ActiveCfg = Release|Any CPU
		{7B6EB342-3764-45E3-A0E9-5CD553525A17}.Release|Any CPU.Build.0 = Release|Any CPU
		{F1632955-D0AE-4D09-928B-6C36C68D523F}.Debug|Any CPU.ActiveCfg = Debug|Any CPU
		{F1632955-D0AE-4D09-928B-6C36C68D523F}.Debug|Any CPU.Build.0 = Debug|Any CPU
		{F1632955-D0AE-4D09-928B-6C36C68D523F}.Release|Any CPU.ActiveCfg = Release|Any CPU
		{F1632955-D0AE-4D09-928B-6C36C68D523F}.Release|Any CPU.Build.0 = Release|Any CPU
		{AD1D1737-0AC8-424A-8DCD-960B7393DC72}.Debug|Any CPU.ActiveCfg = Debug|Any CPU
		{AD1D1737-0AC8-424A-8DCD-960B7393DC72}.Debug|Any CPU.Build.0 = Debug|Any CPU
		{AD1D1737-0AC8-424A-8DCD-960B7393DC72}.Release|Any CPU.ActiveCfg = Release|Any CPU
		{AD1D1737-0AC8-424A-8DCD-960B7393DC72}.Release|Any CPU.Build.0 = Release|Any CPU
		{EF4CDA45-C823-4E36-898D-A7339DD7D82D}.Debug|Any CPU.ActiveCfg = Debug|Any CPU
		{EF4CDA45-C823-4E36-898D-A7339DD7D82D}.Debug|Any CPU.Build.0 = Debug|Any CPU
		{EF4CDA45-C823-4E36-898D-A7339DD7D82D}.Release|Any CPU.ActiveCfg = Release|Any CPU
		{EF4CDA45-C823-4E36-898D-A7339DD7D82D}.Release|Any CPU.Build.0 = Release|Any CPU
	EndGlobalSection
	GlobalSection(SolutionProperties) = preSolution
		HideSolutionNode = FALSE
	EndGlobalSection
EndGlobal
